
Microsoft Visual Studio Solution File, Format Version 12.00
# Visual Studio Version 17
VisualStudioVersion = 17.6.33815.320
MinimumVisualStudioVersion = 10.0.40219.1
Project("{FAE04EC0-301F-11D3-BF4B-00C04F79EFBC}") = "MvcMovie", "MvcMovie\MvcMovie.csproj", "{DEA3F48D-9C92-4E92-8965-5DFEB65893DA}"
EndProject
Global
	GlobalSection(SolutionConfigurationPlatforms) = preSolution
		Debug|Any CPU = Debug|Any CPU
		Release|Any CPU = Release|Any CPU
	EndGlobalSection
	GlobalSection(ProjectConfigurationPlatforms) = postSolution
		{DEA3F48D-9C92-4E92-8965-5DFEB65893DA}.Debug|Any CPU.ActiveCfg = Debug|Any CPU
		{DEA3F48D-9C92-4E92-8965-5DFEB65893DA}.Debug|Any CPU.Build.0 = Debug|Any CPU
		{DEA3F48D-9C92-4E92-8965-5DFEB65893DA}.Release|Any CPU.ActiveCfg = Release|Any CPU
		{DEA3F48D-9C92-4E92-8965-5DFEB65893DA}.Release|Any CPU.Build.0 = Release|Any CPU
	EndGlobalSection
	GlobalSection(SolutionProperties) = preSolution
		HideSolutionNode = FALSE
	EndGlobalSection
	GlobalSection(ExtensibilityGlobals) = postSolution
		SolutionGuid = {84960E14-520D-41D8-BC04-E0AF08509EA3}
	EndGlobalSection
EndGlobal
